// !$*UTF8*$!
{
	archiveVersion = 1;
	classes = {
	};
	objectVersion = 56;
	objects = {

/* Begin PBXBuildFile section */
		42005CBE2B59189700D44BC2 /* AppDelegate.swift in Sources */ = {isa = PBXBuildFile; fileRef = 42005CBD2B59189700D44BC2 /* AppDelegate.swift */; };
		42005CC02B59189700D44BC2 /* SceneDelegate.swift in Sources */ = {isa = PBXBuildFile; fileRef = 42005CBF2B59189700D44BC2 /* SceneDelegate.swift */; };
		42005CC22B59189700D44BC2 /* ViewController.swift in Sources */ = {isa = PBXBuildFile; fileRef = 42005CC12B59189700D44BC2 /* ViewController.swift */; };
		42005CC52B59189700D44BC2 /* Main.storyboard in Resources */ = {isa = PBXBuildFile; fileRef = 42005CC32B59189700D44BC2 /* Main.storyboard */; };
		42005CC72B59189800D44BC2 /* Assets.xcassets in Resources */ = {isa = PBXBuildFile; fileRef = 42005CC62B59189800D44BC2 /* Assets.xcassets */; };
		42005CCA2B59189800D44BC2 /* LaunchScreen.storyboard in Resources */ = {isa = PBXBuildFile; fileRef = 42005CC82B59189800D44BC2 /* LaunchScreen.storyboard */; };
		42005CD92B59276700D44BC2 /* PersonTableViewCell.swift in Sources */ = {isa = PBXBuildFile; fileRef = 42005CD72B59276700D44BC2 /* PersonTableViewCell.swift */; };
		42005CDA2B59276700D44BC2 /* PersonTableViewCell.xib in Resources */ = {isa = PBXBuildFile; fileRef = 42005CD82B59276700D44BC2 /* PersonTableViewCell.xib */; };
		42005CDD2B592DE500D44BC2 /* SecondVC.swift in Sources */ = {isa = PBXBuildFile; fileRef = 42005CDC2B592DE500D44BC2 /* SecondVC.swift */; };
/* End PBXBuildFile section */

/* Begin PBXFileReference section */
		42005CBA2B59189700D44BC2 /* Homework8 - 25.01.2024.app */ = {isa = PBXFileReference; explicitFileType = wrapper.application; includeInIndex = 0; path = "Homework8 - 25.01.2024.app"; sourceTree = BUILT_PRODUCTS_DIR; };
		42005CBD2B59189700D44BC2 /* AppDelegate.swift */ = {isa = PBXFileReference; lastKnownFileType = sourcecode.swift; path = AppDelegate.swift; sourceTree = "<group>"; };
		42005CBF2B59189700D44BC2 /* SceneDelegate.swift */ = {isa = PBXFileReference; lastKnownFileType = sourcecode.swift; path = SceneDelegate.swift; sourceTree = "<group>"; };
		42005CC12B59189700D44BC2 /* ViewController.swift */ = {isa = PBXFileReference; lastKnownFileType = sourcecode.swift; path = ViewController.swift; sourceTree = "<group>"; };
		42005CC42B59189700D44BC2 /* Base */ = {isa = PBXFileReference; lastKnownFileType = file.storyboard; name = Base; path = Base.lproj/Main.storyboard; sourceTree = "<group>"; };
		42005CC62B59189800D44BC2 /* Assets.xcassets */ = {isa = PBXFileReference; lastKnownFileType = folder.assetcatalog; path = Assets.xcassets; sourceTree = "<group>"; };
		42005CC92B59189800D44BC2 /* Base */ = {isa = PBXFileReference; lastKnownFileType = file.storyboard; name = Base; path = Base.lproj/LaunchScreen.storyboard; sourceTree = "<group>"; };
		42005CCB2B59189800D44BC2 /* Info.plist */ = {isa = PBXFileReference; lastKnownFileType = text.plist.xml; path = Info.plist; sourceTree = "<group>"; };
		42005CD72B59276700D44BC2 /* PersonTableViewCell.swift */ = {isa = PBXFileReference; lastKnownFileType = sourcecode.swift; path = PersonTableViewCell.swift; sourceTree = "<group>"; };
		42005CD82B59276700D44BC2 /* PersonTableViewCell.xib */ = {isa = PBXFileReference; lastKnownFileType = file.xib; path = PersonTableViewCell.xib; sourceTree = "<group>"; };
		42005CDC2B592DE500D44BC2 /* SecondVC.swift */ = {isa = PBXFileReference; lastKnownFileType = sourcecode.swift; path = SecondVC.swift; sourceTree = "<group>"; };
/* End PBXFileReference section */

/* Begin PBXFrameworksBuildPhase section */
		42005CB72B59189700D44BC2 /* Frameworks */ = {
			isa = PBXFrameworksBuildPhase;
			buildActionMask = 2147483647;
			files = (
			);
			runOnlyForDeploymentPostprocessing = 0;
		};
/* End PBXFrameworksBuildPhase section */

/* Begin PBXGroup section */
		42005CB12B59189700D44BC2 = {
			isa = PBXGroup;
			children = (
				42005CBC2B59189700D44BC2 /* Homework8 - 25.01.2024 */,
				42005CBB2B59189700D44BC2 /* Products */,
			);
			sourceTree = "<group>";
		};
		42005CBB2B59189700D44BC2 /* Products */ = {
			isa = PBXGroup;
			children = (
				42005CBA2B59189700D44BC2 /* Homework8 - 25.01.2024.app */,
			);
			name = Products;
			sourceTree = "<group>";
		};
		42005CBC2B59189700D44BC2 /* Homework8 - 25.01.2024 */ = {
			isa = PBXGroup;
			children = (
				42442E102B7A29A200A8856C /* Resourse */,
				42005CDB2B59282200D44BC2 /* Cell */,
				42442E112B7A29D800A8856C /* ViewControllers */,
				42005CC32B59189700D44BC2 /* Main.storyboard */,
				42005CCB2B59189800D44BC2 /* Info.plist */,
			);
			path = "Homework8 - 25.01.2024";
			sourceTree = "<group>";
		};
		42005CDB2B59282200D44BC2 /* Cell */ = {
			isa = PBXGroup;
			children = (
				42005CD82B59276700D44BC2 /* PersonTableViewCell.xib */,
				42005CD72B59276700D44BC2 /* PersonTableViewCell.swift */,
			);
			path = Cell;
			sourceTree = "<group>";
		};
		42442E102B7A29A200A8856C /* Resourse */ = {
			isa = PBXGroup;
			children = (
				42005CBD2B59189700D44BC2 /* AppDelegate.swift */,
				42005CBF2B59189700D44BC2 /* SceneDelegate.swift */,
				42005CC62B59189800D44BC2 /* Assets.xcassets */,
				42005CC82B59189800D44BC2 /* LaunchScreen.storyboard */,
			);
			path = Resourse;
			sourceTree = "<group>";
		};
		42442E112B7A29D800A8856C /* ViewControllers */ = {
			isa = PBXGroup;
			children = (
				42005CDC2B592DE500D44BC2 /* SecondVC.swift */,
				42005CC12B59189700D44BC2 /* ViewController.swift */,
			);
			path = ViewControllers;
			sourceTree = "<group>";
		};
/* End PBXGroup section */

/* Begin PBXNativeTarget section */
		42005CB92B59189700D44BC2 /* Homework8 - 25.01.2024 */ = {
			isa = PBXNativeTarget;
			buildConfigurationList = 42005CCE2B59189800D44BC2 /* Build configuration list for PBXNativeTarget "Homework8 - 25.01.2024" */;
			buildPhases = (
				42005CB62B59189700D44BC2 /* Sources */,
				42005CB72B59189700D44BC2 /* Frameworks */,
				42005CB82B59189700D44BC2 /* Resources */,
			);
			buildRules = (
			);
			dependencies = (
			);
			name = "Homework8 - 25.01.2024";
			productName = "Homework8 - 25.01.2024";
			productReference = 42005CBA2B59189700D44BC2 /* Homework8 - 25.01.2024.app */;
			productType = "com.apple.product-type.application";
		};
/* End PBXNativeTarget section */

/* Begin PBXProject section */
		42005CB22B59189700D44BC2 /* Project object */ = {
			isa = PBXProject;
			attributes = {
				BuildIndependentTargetsInParallel = 1;
				LastSwiftUpdateCheck = 1500;
				LastUpgradeCheck = 1500;
				TargetAttributes = {
					42005CB92B59189700D44BC2 = {
						CreatedOnToolsVersion = 15.0.1;
					};
				};
			};
			buildConfigurationList = 42005CB52B59189700D44BC2 /* Build configuration list for PBXProject "Homework8 - 25.01.2024" */;
			compatibilityVersion = "Xcode 14.0";
			developmentRegion = en;
			hasScannedForEncodings = 0;
			knownRegions = (
				en,
				Base,
			);
			mainGroup = 42005CB12B59189700D44BC2;
			productRefGroup = 42005CBB2B59189700D44BC2 /* Products */;
			projectDirPath = "";
			projectRoot = "";
			targets = (
				42005CB92B59189700D44BC2 /* Homework8 - 25.01.2024 */,
			);
		};
/* End PBXProject section */

/* Begin PBXResourcesBuildPhase section */
		42005CB82B59189700D44BC2 /* Resources */ = {
			isa = PBXResourcesBuildPhase;
			buildActionMask = 2147483647;
			files = (
				42005CCA2B59189800D44BC2 /* LaunchScreen.storyboard in Resources */,
				42005CC72B59189800D44BC2 /* Assets.xcassets in Resources */,
				42005CDA2B59276700D44BC2 /* PersonTableViewCell.xib in Resources */,
				42005CC52B59189700D44BC2 /* Main.storyboard in Resources */,
			);
			runOnlyForDeploymentPostprocessing = 0;
		};
/* End PBXResourcesBuildPhase section */

/* Begin PBXSourcesBuildPhase section */
		42005CB62B59189700D44BC2 /* Sources */ = {
			isa = PBXSourcesBuildPhase;
			buildActionMask = 2147483647;
			files = (
				42005CC22B59189700D44BC2 /* ViewController.swift in Sources */,
				42005CDD2B592DE500D44BC2 /* SecondVC.swift in Sources */,
				42005CBE2B59189700D44BC2 /* AppDelegate.swift in Sources */,
				42005CD92B59276700D44BC2 /* PersonTableViewCell.swift in Sources */,
				42005CC02B59189700D44BC2 /* SceneDelegate.swift in Sources */,
			);
			runOnlyForDeploymentPostprocessing = 0;
		};
/* End PBXSourcesBuildPhase section */

/* Begin PBXVariantGroup section */
		42005CC32B59189700D44BC2 /* Main.storyboard */ = {
			isa = PBXVariantGroup;
			children = (
				42005CC42B59189700D44BC2 /* Base */,
			);
			name = Main.storyboard;
			sourceTree = "<group>";
		};
		42005CC82B59189800D44BC2 /* LaunchScreen.storyboard */ = {
			isa = PBXVariantGroup;
			children = (
				42005CC92B59189800D44BC2 /* Base */,
			);
			name = LaunchScreen.storyboard;
			sourceTree = "<group>";
		};
/* End PBXVariantGroup section */

/* Begin XCBuildConfiguration section */
		42005CCC2B59189800D44BC2 /* Debug */ = {
			isa = XCBuildConfiguration;
			buildSettings = {
				ALWAYS_SEARCH_USER_PATHS = NO;
				ASSETCATALOG_COMPILER_GENERATE_SWIFT_ASSET_SYMBOL_EXTENSIONS = YES;
				CLANG_ANALYZER_NONNULL = YES;
				CLANG_ANALYZER_NUMBER_OBJECT_CONVERSION = YES_AGGRESSIVE;
				CLANG_CXX_LANGUAGE_STANDARD = "gnu++20";
				CLANG_ENABLE_MODULES = YES;
				CLANG_ENABLE_OBJC_ARC = YES;
				CLANG_ENABLE_OBJC_WEAK = YES;
				CLANG_WARN_BLOCK_CAPTURE_AUTORELEASING = YES;
				CLANG_WARN_BOOL_CONVERSION = YES;
				CLANG_WARN_COMMA = YES;
				CLANG_WARN_CONSTANT_CONVERSION = YES;
				CLANG_WARN_DEPRECATED_OBJC_IMPLEMENTATIONS = YES;
				CLANG_WARN_DIRECT_OBJC_ISA_USAGE = YES_ERROR;
				CLANG_WARN_DOCUMENTATION_COMMENTS = YES;
				CLANG_WARN_EMPTY_BODY = YES;
				CLANG_WARN_ENUM_CONVERSION = YES;
				CLANG_WARN_INFINITE_RECURSION = YES;
				CLANG_WARN_INT_CONVERSION = YES;
				CLANG_WARN_NON_LITERAL_NULL_CONVERSION = YES;
				CLANG_WARN_OBJC_IMPLICIT_RETAIN_SELF = YES;
				CLANG_WARN_OBJC_LITERAL_CONVERSION = YES;
				CLANG_WARN_OBJC_ROOT_CLASS = YES_ERROR;
				CLANG_WARN_QUOTED_INCLUDE_IN_FRAMEWORK_HEADER = YES;
				CLANG_WARN_RANGE_LOOP_ANALYSIS = YES;
				CLANG_WARN_STRICT_PROTOTYPES = YES;
				CLANG_WARN_SUSPICIOUS_MOVE = YES;
				CLANG_WARN_UNGUARDED_AVAILABILITY = YES_AGGRESSIVE;
				CLANG_WARN_UNREACHABLE_CODE = YES;
				CLANG_WARN__DUPLICATE_METHOD_MATCH = YES;
				COPY_PHASE_STRIP = NO;
				DEBUG_INFORMATION_FORMAT = dwarf;
				ENABLE_STRICT_OBJC_MSGSEND = YES;
				ENABLE_TESTABILITY = YES;
				ENABLE_USER_SCRIPT_SANDBOXING = YES;
				GCC_C_LANGUAGE_STANDARD = gnu17;
				GCC_DYNAMIC_NO_PIC = NO;
				GCC_NO_COMMON_BLOCKS = YES;
				GCC_OPTIMIZATION_LEVEL = 0;
				GCC_PREPROCESSOR_DEFINITIONS = (
					"DEBUG=1",
					"$(inherited)",
				);
				GCC_WARN_64_TO_32_BIT_CONVERSION = YES;
				GCC_WARN_ABOUT_RETURN_TYPE = YES_ERROR;
				GCC_WARN_UNDECLARED_SELECTOR = YES;
				GCC_WARN_UNINITIALIZED_AUTOS = YES_AGGRESSIVE;
				GCC_WARN_UNUSED_FUNCTION = YES;
				GCC_WARN_UNUSED_VARIABLE = YES;
				IPHONEOS_DEPLOYMENT_TARGET = 17.0;
				LOCALIZATION_PREFERS_STRING_CATALOGS = YES;
				MTL_ENABLE_DEBUG_INFO = INCLUDE_SOURCE;
				MTL_FAST_MATH = YES;
				ONLY_ACTIVE_ARCH = YES;
				SDKROOT = iphoneos;
				SWIFT_ACTIVE_COMPILATION_CONDITIONS = "DEBUG $(inherited)";
				SWIFT_OPTIMIZATION_LEVEL = "-Onone";
			};
			name = Debug;
		};
		42005CCD2B59189800D44BC2 /* Release */ = {
			isa = XCBuildConfiguration;
			buildSettings = {
				ALWAYS_SEARCH_USER_PATHS = NO;
				ASSETCATALOG_COMPILER_GENERATE_SWIFT_ASSET_SYMBOL_EXTENSIONS = YES;
				CLANG_ANALYZER_NONNULL = YES;
				CLANG_ANALYZER_NUMBER_OBJECT_CONVERSION = YES_AGGRESSIVE;
				CLANG_CXX_LANGUAGE_STANDARD = "gnu++20";
				CLANG_ENABLE_MODULES = YES;
				CLANG_ENABLE_OBJC_ARC = YES;
				CLANG_ENABLE_OBJC_WEAK = YES;
				CLANG_WARN_BLOCK_CAPTURE_AUTORELEASING = YES;
				CLANG_WARN_BOOL_CONVERSION = YES;
				CLANG_WARN_COMMA = YES;
				CLANG_WARN_CONSTANT_CONVERSION = YES;
				CLANG_WARN_DEPRECATED_OBJC_IMPLEMENTATIONS = YES;
				CLANG_WARN_DIRECT_OBJC_ISA_USAGE = YES_ERROR;
				CLANG_WARN_DOCUMENTATION_COMMENTS = YES;
				CLANG_WARN_EMPTY_BODY = YES;
				CLANG_WARN_ENUM_CONVERSION = YES;
				CLANG_WARN_INFINITE_RECURSION = YES;
				CLANG_WARN_INT_CONVERSION = YES;
				CLANG_WARN_NON_LITERAL_NULL_CONVERSION = YES;
				CLANG_WARN_OBJC_IMPLICIT_RETAIN_SELF = YES;
				CLANG_WARN_OBJC_LITERAL_CONVERSION = YES;
				CLANG_WARN_OBJC_ROOT_CLASS = YES_ERROR;
				CLANG_WARN_QUOTED_INCLUDE_IN_FRAMEWORK_HEADER = YES;
				CLANG_WARN_RANGE_LOOP_ANALYSIS = YES;
				CLANG_WARN_STRICT_PROTOTYPES = YES;
				CLANG_WARN_SUSPICIOUS_MOVE = YES;
				CLANG_WARN_UNGUARDED_AVAILABILITY = YES_AGGRESSIVE;
				CLANG_WARN_UNREACHABLE_CODE = YES;
				CLANG_WARN__DUPLICATE_METHOD_MATCH = YES;
				COPY_PHASE_STRIP = NO;
				DEBUG_INFORMATION_FORMAT = "dwarf-with-dsym";
				ENABLE_NS_ASSERTIONS = NO;
				ENABLE_STRICT_OBJC_MSGSEND = YES;
				ENABLE_USER_SCRIPT_SANDBOXING = YES;
				GCC_C_LANGUAGE_STANDARD = gnu17;
				GCC_NO_COMMON_BLOCKS = YES;
				GCC_WARN_64_TO_32_BIT_CONVERSION = YES;
				GCC_WARN_ABOUT_RETURN_TYPE = YES_ERROR;
				GCC_WARN_UNDECLARED_SELECTOR = YES;
				GCC_WARN_UNINITIALIZED_AUTOS = YES_AGGRESSIVE;
				GCC_WARN_UNUSED_FUNCTION = YES;
				GCC_WARN_UNUSED_VARIABLE = YES;
				IPHONEOS_DEPLOYMENT_TARGET = 17.0;
				LOCALIZATION_PREFERS_STRING_CATALOGS = YES;
				MTL_ENABLE_DEBUG_INFO = NO;
				MTL_FAST_MATH = YES;
				SDKROOT = iphoneos;
				SWIFT_COMPILATION_MODE = wholemodule;
				VALIDATE_PRODUCT = YES;
			};
			name = Release;
		};
		42005CCF2B59189800D44BC2 /* Debug */ = {
			isa = XCBuildConfiguration;
			buildSettings = {
				ASSETCATALOG_COMPILER_APPICON_NAME = AppIcon;
				ASSETCATALOG_COMPILER_GLOBAL_ACCENT_COLOR_NAME = AccentColor;
				CODE_SIGN_STYLE = Automatic;
				CURRENT_PROJECT_VERSION = 1;
				DEVELOPMENT_TEAM = 5QQ4PX79VS;
				GENERATE_INFOPLIST_FILE = YES;
				INFOPLIST_FILE = "Homework8 - 25.01.2024/Info.plist";
				INFOPLIST_KEY_UIApplicationSupportsIndirectInputEvents = YES;
				INFOPLIST_KEY_UILaunchStoryboardName = LaunchScreen;
				INFOPLIST_KEY_UIMainStoryboardFile = Main;
				INFOPLIST_KEY_UISupportedInterfaceOrientations = UIInterfaceOrientationPortrait;
				IPHONEOS_DEPLOYMENT_TARGET = 16.1;
				LD_RUNPATH_SEARCH_PATHS = (
					"$(inherited)",
					"@executable_path/Frameworks",
				);
				MARKETING_VERSION = 1.0;
				PRODUCT_BUNDLE_IDENTIFIER = "Home.Homework8---25-01-2024";
				PRODUCT_NAME = "$(TARGET_NAME)";
				SUPPORTED_PLATFORMS = "iphoneos iphonesimulator";
				SUPPORTS_MACCATALYST = NO;
				SUPPORTS_MAC_DESIGNED_FOR_IPHONE_IPAD = NO;
				SWIFT_EMIT_LOC_STRINGS = YES;
				SWIFT_VERSION = 5.0;
				TARGETED_DEVICE_FAMILY = "1,2";
			};
			name = Debug;
		};
		42005CD02B59189800D44BC2 /* Release */ = {
			isa = XCBuildConfiguration;
			buildSettings = {
				ASSETCATALOG_COMPILER_APPICON_NAME = AppIcon;
				ASSETCATALOG_COMPILER_GLOBAL_ACCENT_COLOR_NAME = AccentColor;
				CODE_SIGN_STYLE = Automatic;
				CURRENT_PROJECT_VERSION = 1;
				DEVELOPMENT_TEAM = 5QQ4PX79VS;
				GENERATE_INFOPLIST_FILE = YES;
				INFOPLIST_FILE = "Homework8 - 25.01.2024/Info.plist";
				INFOPLIST_KEY_UIApplicationSupportsIndirectInputEvents = YES;
				INFOPLIST_KEY_UILaunchStoryboardName = LaunchScreen;
				INFOPLIST_KEY_UIMainStoryboardFile = Main;
				INFOPLIST_KEY_UISupportedInterfaceOrientations = UIInterfaceOrientationPortrait;
				IPHONEOS_DEPLOYMENT_TARGET = 16.1;
				LD_RUNPATH_SEARCH_PATHS = (
					"$(inherited)",
					"@executable_path/Frameworks",
				);
				MARKETING_VERSION = 1.0;
				PRODUCT_BUNDLE_IDENTIFIER = "Home.Homework8---25-01-2024";
				PRODUCT_NAME = "$(TARGET_NAME)";
				SUPPORTED_PLATFORMS = "iphoneos iphonesimulator";
				SUPPORTS_MACCATALYST = NO;
				SUPPORTS_MAC_DESIGNED_FOR_IPHONE_IPAD = NO;
				SWIFT_EMIT_LOC_STRINGS = YES;
				SWIFT_VERSION = 5.0;
				TARGETED_DEVICE_FAMILY = "1,2";
			};
			name = Release;
		};
/* End XCBuildConfiguration section */

/* Begin XCConfigurationList section */
		42005CB52B59189700D44BC2 /* Build configuration list for PBXProject "Homework8 - 25.01.2024" */ = {
			isa = XCConfigurationList;
			buildConfigurations = (
				42005CCC2B59189800D44BC2 /* Debug */,
				42005CCD2B59189800D44BC2 /* Release */,
			);
			defaultConfigurationIsVisible = 0;
			defaultConfigurationName = Release;
		};
		42005CCE2B59189800D44BC2 /* Build configuration list for PBXNativeTarget "Homework8 - 25.01.2024" */ = {
			isa = XCConfigurationList;
			buildConfigurations = (
				42005CCF2B59189800D44BC2 /* Debug */,
				42005CD02B59189800D44BC2 /* Release */,
			);
			defaultConfigurationIsVisible = 0;
			defaultConfigurationName = Release;
		};
/* End XCConfigurationList section */
	};
	rootObject = 42005CB22B59189700D44BC2 /* Project object */;
}
